// !$*UTF8*$!
{
	archiveVersion = 1;
	classes = {
	};
	objectVersion = 46;
	objects = {

/* Begin PBXBuildFile section */
		112A50F91AFCABD4004FA5C3 /* AppDelegate.swift in Sources */ = {isa = PBXBuildFile; fileRef = 112A50F81AFCABD4004FA5C3 /* AppDelegate.swift */; };
		112A50FB1AFCABD4004FA5C3 /* LoginPageController.swift in Sources */ = {isa = PBXBuildFile; fileRef = 112A50FA1AFCABD4004FA5C3 /* LoginPageController.swift */; };
		112A50FE1AFCABD4004FA5C3 /* Main.storyboard in Resources */ = {isa = PBXBuildFile; fileRef = 112A50FC1AFCABD4004FA5C3 /* Main.storyboard */; };
		112A51001AFCABD4004FA5C3 /* Images.xcassets in Resources */ = {isa = PBXBuildFile; fileRef = 112A50FF1AFCABD4004FA5C3 /* Images.xcassets */; };
		112A51031AFCABD4004FA5C3 /* LaunchScreen.xib in Resources */ = {isa = PBXBuildFile; fileRef = 112A51011AFCABD4004FA5C3 /* LaunchScreen.xib */; };
		112A510F1AFCABD4004FA5C3 /* NoteSwiftTests.swift in Sources */ = {isa = PBXBuildFile; fileRef = 112A510E1AFCABD4004FA5C3 /* NoteSwiftTests.swift */; };
		112A51191AFCB9F8004FA5C3 /* RegisterPageController.swift in Sources */ = {isa = PBXBuildFile; fileRef = 112A51181AFCB9F8004FA5C3 /* RegisterPageController.swift */; };
		112A511C1AFDD1EE004FA5C3 /* Parse.framework in Frameworks */ = {isa = PBXBuildFile; fileRef = 112A511B1AFDD1EE004FA5C3 /* Parse.framework */; };
		112A511E1AFDD241004FA5C3 /* AudioToolbox.framework in Frameworks */ = {isa = PBXBuildFile; fileRef = 112A511D1AFDD241004FA5C3 /* AudioToolbox.framework */; };
		112A51201AFDD24A004FA5C3 /* CFNetwork.framework in Frameworks */ = {isa = PBXBuildFile; fileRef = 112A511F1AFDD24A004FA5C3 /* CFNetwork.framework */; };
		112A51221AFDD256004FA5C3 /* CoreGraphics.framework in Frameworks */ = {isa = PBXBuildFile; fileRef = 112A51211AFDD256004FA5C3 /* CoreGraphics.framework */; };
		112A51241AFDD269004FA5C3 /* CoreLocation.framework in Frameworks */ = {isa = PBXBuildFile; fileRef = 112A51231AFDD269004FA5C3 /* CoreLocation.framework */; };
		112A51261AFDD27E004FA5C3 /* MobileCoreServices.framework in Frameworks */ = {isa = PBXBuildFile; fileRef = 112A51251AFDD27E004FA5C3 /* MobileCoreServices.framework */; };
		112A51281AFDD28B004FA5C3 /* QuartzCore.framework in Frameworks */ = {isa = PBXBuildFile; fileRef = 112A51271AFDD28B004FA5C3 /* QuartzCore.framework */; };
		112A512A1AFDD2A1004FA5C3 /* Security.framework in Frameworks */ = {isa = PBXBuildFile; fileRef = 112A51291AFDD2A1004FA5C3 /* Security.framework */; };
		112A512C1AFDD2AA004FA5C3 /* StoreKit.framework in Frameworks */ = {isa = PBXBuildFile; fileRef = 112A512B1AFDD2AA004FA5C3 /* StoreKit.framework */; };
		112A512E1AFDD2B4004FA5C3 /* SystemConfiguration.framework in Frameworks */ = {isa = PBXBuildFile; fileRef = 112A512D1AFDD2B4004FA5C3 /* SystemConfiguration.framework */; };
		112A51301AFDD2C8004FA5C3 /* libz.dylib in Frameworks */ = {isa = PBXBuildFile; fileRef = 112A512F1AFDD2C8004FA5C3 /* libz.dylib */; };
		112A51321AFDD2D5004FA5C3 /* libsqlite3.dylib in Frameworks */ = {isa = PBXBuildFile; fileRef = 112A51311AFDD2D5004FA5C3 /* libsqlite3.dylib */; };
		112A51341AFDD372004FA5C3 /* Bolts.framework in Frameworks */ = {isa = PBXBuildFile; fileRef = 112A51331AFDD372004FA5C3 /* Bolts.framework */; };
		112A51361AFDD792004FA5C3 /* ParseUI.framework in Frameworks */ = {isa = PBXBuildFile; fileRef = 112A51351AFDD792004FA5C3 /* ParseUI.framework */; };
		112A513A1AFDE1E2004FA5C3 /* ParseCrashReporting.framework in Frameworks */ = {isa = PBXBuildFile; fileRef = 112A51371AFDE1E2004FA5C3 /* ParseCrashReporting.framework */; };
		112A513B1AFDE1E2004FA5C3 /* ParseFacebookUtils.framework in Frameworks */ = {isa = PBXBuildFile; fileRef = 112A51381AFDE1E2004FA5C3 /* ParseFacebookUtils.framework */; };
		112A513C1AFDE1E2004FA5C3 /* ParseFacebookUtilsV4.framework in Frameworks */ = {isa = PBXBuildFile; fileRef = 112A51391AFDE1E2004FA5C3 /* ParseFacebookUtilsV4.framework */; };
		112A513E1AFDF41C004FA5C3 /* NotesPageController.swift in Sources */ = {isa = PBXBuildFile; fileRef = 112A513D1AFDF41C004FA5C3 /* NotesPageController.swift */; };
		1143015B1AFEFDA8005581AE /* SideMenuTable.swift in Sources */ = {isa = PBXBuildFile; fileRef = 1143015A1AFEFDA8005581AE /* SideMenuTable.swift */; };
		1143015D1AFF0319005581AE /* SideMenu.swift in Sources */ = {isa = PBXBuildFile; fileRef = 1143015C1AFF0319005581AE /* SideMenu.swift */; };
/* End PBXBuildFile section */

/* Begin PBXContainerItemProxy section */
		112A51091AFCABD4004FA5C3 /* PBXContainerItemProxy */ = {
			isa = PBXContainerItemProxy;
			containerPortal = 112A50EB1AFCABD4004FA5C3 /* Project object */;
			proxyType = 1;
			remoteGlobalIDString = 112A50F21AFCABD4004FA5C3;
			remoteInfo = NoteSwift;
		};
/* End PBXContainerItemProxy section */

/* Begin PBXFileReference section */
		112A50F31AFCABD4004FA5C3 /* NoteSwift.app */ = {isa = PBXFileReference; explicitFileType = wrapper.application; includeInIndex = 0; path = NoteSwift.app; sourceTree = BUILT_PRODUCTS_DIR; };
		112A50F71AFCABD4004FA5C3 /* Info.plist */ = {isa = PBXFileReference; lastKnownFileType = text.plist.xml; path = Info.plist; sourceTree = "<group>"; };
		112A50F81AFCABD4004FA5C3 /* AppDelegate.swift */ = {isa = PBXFileReference; lastKnownFileType = sourcecode.swift; path = AppDelegate.swift; sourceTree = "<group>"; };
		112A50FA1AFCABD4004FA5C3 /* LoginPageController.swift */ = {isa = PBXFileReference; lastKnownFileType = sourcecode.swift; path = LoginPageController.swift; sourceTree = "<group>"; };
		112A50FD1AFCABD4004FA5C3 /* Base */ = {isa = PBXFileReference; lastKnownFileType = file.storyboard; name = Base; path = Base.lproj/Main.storyboard; sourceTree = "<group>"; };
		112A50FF1AFCABD4004FA5C3 /* Images.xcassets */ = {isa = PBXFileReference; lastKnownFileType = folder.assetcatalog; path = Images.xcassets; sourceTree = "<group>"; };
		112A51021AFCABD4004FA5C3 /* Base */ = {isa = PBXFileReference; lastKnownFileType = file.xib; name = Base; path = Base.lproj/LaunchScreen.xib; sourceTree = "<group>"; };
		112A51081AFCABD4004FA5C3 /* NoteSwiftTests.xctest */ = {isa = PBXFileReference; explicitFileType = wrapper.cfbundle; includeInIndex = 0; path = NoteSwiftTests.xctest; sourceTree = BUILT_PRODUCTS_DIR; };
		112A510D1AFCABD4004FA5C3 /* Info.plist */ = {isa = PBXFileReference; lastKnownFileType = text.plist.xml; path = Info.plist; sourceTree = "<group>"; };
		112A510E1AFCABD4004FA5C3 /* NoteSwiftTests.swift */ = {isa = PBXFileReference; lastKnownFileType = sourcecode.swift; path = NoteSwiftTests.swift; sourceTree = "<group>"; };
		112A51181AFCB9F8004FA5C3 /* RegisterPageController.swift */ = {isa = PBXFileReference; fileEncoding = 4; lastKnownFileType = sourcecode.swift; path = RegisterPageController.swift; sourceTree = "<group>"; };
		112A511B1AFDD1EE004FA5C3 /* Parse.framework */ = {isa = PBXFileReference; lastKnownFileType = wrapper.framework; path = Parse.framework; sourceTree = "<group>"; };
		112A511D1AFDD241004FA5C3 /* AudioToolbox.framework */ = {isa = PBXFileReference; lastKnownFileType = wrapper.framework; name = AudioToolbox.framework; path = System/Library/Frameworks/AudioToolbox.framework; sourceTree = SDKROOT; };
		112A511F1AFDD24A004FA5C3 /* CFNetwork.framework */ = {isa = PBXFileReference; lastKnownFileType = wrapper.framework; name = CFNetwork.framework; path = System/Library/Frameworks/CFNetwork.framework; sourceTree = SDKROOT; };
		112A51211AFDD256004FA5C3 /* CoreGraphics.framework */ = {isa = PBXFileReference; lastKnownFileType = wrapper.framework; name = CoreGraphics.framework; path = System/Library/Frameworks/CoreGraphics.framework; sourceTree = SDKROOT; };
		112A51231AFDD269004FA5C3 /* CoreLocation.framework */ = {isa = PBXFileReference; lastKnownFileType = wrapper.framework; name = CoreLocation.framework; path = System/Library/Frameworks/CoreLocation.framework; sourceTree = SDKROOT; };
		112A51251AFDD27E004FA5C3 /* MobileCoreServices.framework */ = {isa = PBXFileReference; lastKnownFileType = wrapper.framework; name = MobileCoreServices.framework; path = System/Library/Frameworks/MobileCoreServices.framework; sourceTree = SDKROOT; };
		112A51271AFDD28B004FA5C3 /* QuartzCore.framework */ = {isa = PBXFileReference; lastKnownFileType = wrapper.framework; name = QuartzCore.framework; path = System/Library/Frameworks/QuartzCore.framework; sourceTree = SDKROOT; };
		112A51291AFDD2A1004FA5C3 /* Security.framework */ = {isa = PBXFileReference; lastKnownFileType = wrapper.framework; name = Security.framework; path = System/Library/Frameworks/Security.framework; sourceTree = SDKROOT; };
		112A512B1AFDD2AA004FA5C3 /* StoreKit.framework */ = {isa = PBXFileReference; lastKnownFileType = wrapper.framework; name = StoreKit.framework; path = System/Library/Frameworks/StoreKit.framework; sourceTree = SDKROOT; };
		112A512D1AFDD2B4004FA5C3 /* SystemConfiguration.framework */ = {isa = PBXFileReference; lastKnownFileType = wrapper.framework; name = SystemConfiguration.framework; path = System/Library/Frameworks/SystemConfiguration.framework; sourceTree = SDKROOT; };
		112A512F1AFDD2C8004FA5C3 /* libz.dylib */ = {isa = PBXFileReference; lastKnownFileType = "compiled.mach-o.dylib"; name = libz.dylib; path = usr/lib/libz.dylib; sourceTree = SDKROOT; };
		112A51311AFDD2D5004FA5C3 /* libsqlite3.dylib */ = {isa = PBXFileReference; lastKnownFileType = "compiled.mach-o.dylib"; name = libsqlite3.dylib; path = usr/lib/libsqlite3.dylib; sourceTree = SDKROOT; };
		112A51331AFDD372004FA5C3 /* Bolts.framework */ = {isa = PBXFileReference; lastKnownFileType = wrapper.framework; path = Bolts.framework; sourceTree = "<group>"; };
		112A51351AFDD792004FA5C3 /* ParseUI.framework */ = {isa = PBXFileReference; lastKnownFileType = wrapper.framework; path = ParseUI.framework; sourceTree = "<group>"; };
		112A51371AFDE1E2004FA5C3 /* ParseCrashReporting.framework */ = {isa = PBXFileReference; lastKnownFileType = wrapper.framework; path = ParseCrashReporting.framework; sourceTree = "<group>"; };
		112A51381AFDE1E2004FA5C3 /* ParseFacebookUtils.framework */ = {isa = PBXFileReference; lastKnownFileType = wrapper.framework; path = ParseFacebookUtils.framework; sourceTree = "<group>"; };
		112A51391AFDE1E2004FA5C3 /* ParseFacebookUtilsV4.framework */ = {isa = PBXFileReference; lastKnownFileType = wrapper.framework; path = ParseFacebookUtilsV4.framework; sourceTree = "<group>"; };
		112A513D1AFDF41C004FA5C3 /* NotesPageController.swift */ = {isa = PBXFileReference; fileEncoding = 4; lastKnownFileType = sourcecode.swift; path = NotesPageController.swift; sourceTree = "<group>"; };
		1143015A1AFEFDA8005581AE /* SideMenuTable.swift */ = {isa = PBXFileReference; fileEncoding = 4; lastKnownFileType = sourcecode.swift; path = SideMenuTable.swift; sourceTree = "<group>"; };
		1143015C1AFF0319005581AE /* SideMenu.swift */ = {isa = PBXFileReference; fileEncoding = 4; lastKnownFileType = sourcecode.swift; path = SideMenu.swift; sourceTree = "<group>"; };
/* End PBXFileReference section */

/* Begin PBXFrameworksBuildPhase section */
		112A50F01AFCABD4004FA5C3 /* Frameworks */ = {
			isa = PBXFrameworksBuildPhase;
			buildActionMask = 2147483647;
			files = (
				112A51321AFDD2D5004FA5C3 /* libsqlite3.dylib in Frameworks */,
				112A513A1AFDE1E2004FA5C3 /* ParseCrashReporting.framework in Frameworks */,
				112A51301AFDD2C8004FA5C3 /* libz.dylib in Frameworks */,
				112A51361AFDD792004FA5C3 /* ParseUI.framework in Frameworks */,
				112A512E1AFDD2B4004FA5C3 /* SystemConfiguration.framework in Frameworks */,
				112A512C1AFDD2AA004FA5C3 /* StoreKit.framework in Frameworks */,
				112A512A1AFDD2A1004FA5C3 /* Security.framework in Frameworks */,
				112A51281AFDD28B004FA5C3 /* QuartzCore.framework in Frameworks */,
				112A51261AFDD27E004FA5C3 /* MobileCoreServices.framework in Frameworks */,
				112A51341AFDD372004FA5C3 /* Bolts.framework in Frameworks */,
				112A51241AFDD269004FA5C3 /* CoreLocation.framework in Frameworks */,
				112A51221AFDD256004FA5C3 /* CoreGraphics.framework in Frameworks */,
				112A51201AFDD24A004FA5C3 /* CFNetwork.framework in Frameworks */,
				112A511E1AFDD241004FA5C3 /* AudioToolbox.framework in Frameworks */,
				112A513C1AFDE1E2004FA5C3 /* ParseFacebookUtilsV4.framework in Frameworks */,
				112A513B1AFDE1E2004FA5C3 /* ParseFacebookUtils.framework in Frameworks */,
				112A511C1AFDD1EE004FA5C3 /* Parse.framework in Frameworks */,
			);
			runOnlyForDeploymentPostprocessing = 0;
		};
		112A51051AFCABD4004FA5C3 /* Frameworks */ = {
			isa = PBXFrameworksBuildPhase;
			buildActionMask = 2147483647;
			files = (
			);
			runOnlyForDeploymentPostprocessing = 0;
		};
/* End PBXFrameworksBuildPhase section */

/* Begin PBXGroup section */
		112A50EA1AFCABD4004FA5C3 = {
			isa = PBXGroup;
			children = (
				112A50F51AFCABD4004FA5C3 /* NoteSwift */,
				112A511A1AFDD1D2004FA5C3 /* frameworks */,
				112A510B1AFCABD4004FA5C3 /* NoteSwiftTests */,
				112A50F41AFCABD4004FA5C3 /* Products */,
			);
			sourceTree = "<group>";
		};
		112A50F41AFCABD4004FA5C3 /* Products */ = {
			isa = PBXGroup;
			children = (
				112A50F31AFCABD4004FA5C3 /* NoteSwift.app */,
				112A51081AFCABD4004FA5C3 /* NoteSwiftTests.xctest */,
			);
			name = Products;
			sourceTree = "<group>";
		};
		112A50F51AFCABD4004FA5C3 /* NoteSwift */ = {
			isa = PBXGroup;
			children = (
				112A50F81AFCABD4004FA5C3 /* AppDelegate.swift */,
				112A50FA1AFCABD4004FA5C3 /* LoginPageController.swift */,
				112A51181AFCB9F8004FA5C3 /* RegisterPageController.swift */,
				112A513D1AFDF41C004FA5C3 /* NotesPageController.swift */,
				112A50FC1AFCABD4004FA5C3 /* Main.storyboard */,
				112A50FF1AFCABD4004FA5C3 /* Images.xcassets */,
				112A51011AFCABD4004FA5C3 /* LaunchScreen.xib */,
				112A50F61AFCABD4004FA5C3 /* Supporting Files */,
				1143015A1AFEFDA8005581AE /* SideMenuTable.swift */,
				1143015C1AFF0319005581AE /* SideMenu.swift */,
			);
			path = NoteSwift;
			sourceTree = "<group>";
		};
		112A50F61AFCABD4004FA5C3 /* Supporting Files */ = {
			isa = PBXGroup;
			children = (
				112A50F71AFCABD4004FA5C3 /* Info.plist */,
			);
			name = "Supporting Files";
			sourceTree = "<group>";
		};
		112A510B1AFCABD4004FA5C3 /* NoteSwiftTests */ = {
			isa = PBXGroup;
			children = (
				112A510E1AFCABD4004FA5C3 /* NoteSwiftTests.swift */,
				112A510C1AFCABD4004FA5C3 /* Supporting Files */,
			);
			path = NoteSwiftTests;
			sourceTree = "<group>";
		};
		112A510C1AFCABD4004FA5C3 /* Supporting Files */ = {
			isa = PBXGroup;
			children = (
				112A510D1AFCABD4004FA5C3 /* Info.plist */,
			);
			name = "Supporting Files";
			sourceTree = "<group>";
		};
		112A511A1AFDD1D2004FA5C3 /* frameworks */ = {
			isa = PBXGroup;
			children = (
				112A51371AFDE1E2004FA5C3 /* ParseCrashReporting.framework */,
				112A51381AFDE1E2004FA5C3 /* ParseFacebookUtils.framework */,
				112A51391AFDE1E2004FA5C3 /* ParseFacebookUtilsV4.framework */,
				112A51351AFDD792004FA5C3 /* ParseUI.framework */,
				112A51331AFDD372004FA5C3 /* Bolts.framework */,
				112A51311AFDD2D5004FA5C3 /* libsqlite3.dylib */,
				112A512F1AFDD2C8004FA5C3 /* libz.dylib */,
				112A512D1AFDD2B4004FA5C3 /* SystemConfiguration.framework */,
				112A512B1AFDD2AA004FA5C3 /* StoreKit.framework */,
				112A51291AFDD2A1004FA5C3 /* Security.framework */,
				112A51271AFDD28B004FA5C3 /* QuartzCore.framework */,
				112A51251AFDD27E004FA5C3 /* MobileCoreServices.framework */,
				112A51231AFDD269004FA5C3 /* CoreLocation.framework */,
				112A51211AFDD256004FA5C3 /* CoreGraphics.framework */,
				112A511F1AFDD24A004FA5C3 /* CFNetwork.framework */,
				112A511D1AFDD241004FA5C3 /* AudioToolbox.framework */,
				112A511B1AFDD1EE004FA5C3 /* Parse.framework */,
			);
			name = frameworks;
			sourceTree = "<group>";
		};
/* End PBXGroup section */

/* Begin PBXNativeTarget section */
		112A50F21AFCABD4004FA5C3 /* NoteSwift */ = {
			isa = PBXNativeTarget;
			buildConfigurationList = 112A51121AFCABD4004FA5C3 /* Build configuration list for PBXNativeTarget "NoteSwift" */;
			buildPhases = (
				112A50EF1AFCABD4004FA5C3 /* Sources */,
				112A50F01AFCABD4004FA5C3 /* Frameworks */,
				112A50F11AFCABD4004FA5C3 /* Resources */,
			);
			buildRules = (
			);
			dependencies = (
			);
			name = NoteSwift;
			productName = NoteSwift;
			productReference = 112A50F31AFCABD4004FA5C3 /* NoteSwift.app */;
			productType = "com.apple.product-type.application";
		};
		112A51071AFCABD4004FA5C3 /* NoteSwiftTests */ = {
			isa = PBXNativeTarget;
			buildConfigurationList = 112A51151AFCABD4004FA5C3 /* Build configuration list for PBXNativeTarget "NoteSwiftTests" */;
			buildPhases = (
				112A51041AFCABD4004FA5C3 /* Sources */,
				112A51051AFCABD4004FA5C3 /* Frameworks */,
				112A51061AFCABD4004FA5C3 /* Resources */,
			);
			buildRules = (
			);
			dependencies = (
				112A510A1AFCABD4004FA5C3 /* PBXTargetDependency */,
			);
			name = NoteSwiftTests;
			productName = NoteSwiftTests;
			productReference = 112A51081AFCABD4004FA5C3 /* NoteSwiftTests.xctest */;
			productType = "com.apple.product-type.bundle.unit-test";
		};
/* End PBXNativeTarget section */

/* Begin PBXProject section */
		112A50EB1AFCABD4004FA5C3 /* Project object */ = {
			isa = PBXProject;
			attributes = {
				LastUpgradeCheck = 0630;
				ORGANIZATIONNAME = "Enkhjargal Gansukh";
				TargetAttributes = {
					112A50F21AFCABD4004FA5C3 = {
						CreatedOnToolsVersion = 6.3.1;
					};
					112A51071AFCABD4004FA5C3 = {
						CreatedOnToolsVersion = 6.3.1;
						TestTargetID = 112A50F21AFCABD4004FA5C3;
					};
				};
			};
			buildConfigurationList = 112A50EE1AFCABD4004FA5C3 /* Build configuration list for PBXProject "NoteSwift" */;
			compatibilityVersion = "Xcode 3.2";
			developmentRegion = English;
			hasScannedForEncodings = 0;
			knownRegions = (
				en,
				Base,
			);
			mainGroup = 112A50EA1AFCABD4004FA5C3;
			productRefGroup = 112A50F41AFCABD4004FA5C3 /* Products */;
			projectDirPath = "";
			projectRoot = "";
			targets = (
				112A50F21AFCABD4004FA5C3 /* NoteSwift */,
				112A51071AFCABD4004FA5C3 /* NoteSwiftTests */,
			);
		};
/* End PBXProject section */

/* Begin PBXResourcesBuildPhase section */
		112A50F11AFCABD4004FA5C3 /* Resources */ = {
			isa = PBXResourcesBuildPhase;
			buildActionMask = 2147483647;
			files = (
				112A50FE1AFCABD4004FA5C3 /* Main.storyboard in Resources */,
				112A51031AFCABD4004FA5C3 /* LaunchScreen.xib in Resources */,
				112A51001AFCABD4004FA5C3 /* Images.xcassets in Resources */,
			);
			runOnlyForDeploymentPostprocessing = 0;
		};
		112A51061AFCABD4004FA5C3 /* Resources */ = {
			isa = PBXResourcesBuildPhase;
			buildActionMask = 2147483647;
			files = (
			);
			runOnlyForDeploymentPostprocessing = 0;
		};
/* End PBXResourcesBuildPhase section */

/* Begin PBXSourcesBuildPhase section */
		112A50EF1AFCABD4004FA5C3 /* Sources */ = {
			isa = PBXSourcesBuildPhase;
			buildActionMask = 2147483647;
			files = (
				112A50FB1AFCABD4004FA5C3 /* LoginPageController.swift in Sources */,
				112A51191AFCB9F8004FA5C3 /* RegisterPageController.swift in Sources */,
				1143015B1AFEFDA8005581AE /* SideMenuTable.swift in Sources */,
				1143015D1AFF0319005581AE /* SideMenu.swift in Sources */,
				112A513E1AFDF41C004FA5C3 /* NotesPageController.swift in Sources */,
				112A50F91AFCABD4004FA5C3 /* AppDelegate.swift in Sources */,
			);
			runOnlyForDeploymentPostprocessing = 0;
		};
		112A51041AFCABD4004FA5C3 /* Sources */ = {
			isa = PBXSourcesBuildPhase;
			buildActionMask = 2147483647;
			files = (
				112A510F1AFCABD4004FA5C3 /* NoteSwiftTests.swift in Sources */,
			);
			runOnlyForDeploymentPostprocessing = 0;
		};
/* End PBXSourcesBuildPhase section */

/* Begin PBXTargetDependency section */
		112A510A1AFCABD4004FA5C3 /* PBXTargetDependency */ = {
			isa = PBXTargetDependency;
			target = 112A50F21AFCABD4004FA5C3 /* NoteSwift */;
			targetProxy = 112A51091AFCABD4004FA5C3 /* PBXContainerItemProxy */;
		};
/* End PBXTargetDependency section */

/* Begin PBXVariantGroup section */
		112A50FC1AFCABD4004FA5C3 /* Main.storyboard */ = {
			isa = PBXVariantGroup;
			children = (
				112A50FD1AFCABD4004FA5C3 /* Base */,
			);
			name = Main.storyboard;
			sourceTree = "<group>";
		};
		112A51011AFCABD4004FA5C3 /* LaunchScreen.xib */ = {
			isa = PBXVariantGroup;
			children = (
				112A51021AFCABD4004FA5C3 /* Base */,
			);
			name = LaunchScreen.xib;
			sourceTree = "<group>";
		};
/* End PBXVariantGroup section */

/* Begin XCBuildConfiguration section */
		112A51101AFCABD4004FA5C3 /* Debug */ = {
			isa = XCBuildConfiguration;
			buildSettings = {
				ALWAYS_SEARCH_USER_PATHS = NO;
				CLANG_CXX_LANGUAGE_STANDARD = "gnu++0x";
				CLANG_CXX_LIBRARY = "libc++";
				CLANG_ENABLE_MODULES = YES;
				CLANG_ENABLE_OBJC_ARC = YES;
				CLANG_WARN_BOOL_CONVERSION = YES;
				CLANG_WARN_CONSTANT_CONVERSION = YES;
				CLANG_WARN_DIRECT_OBJC_ISA_USAGE = YES_ERROR;
				CLANG_WARN_EMPTY_BODY = YES;
				CLANG_WARN_ENUM_CONVERSION = YES;
				CLANG_WARN_INT_CONVERSION = YES;
				CLANG_WARN_OBJC_ROOT_CLASS = YES_ERROR;
				CLANG_WARN_UNREACHABLE_CODE = YES;
				CLANG_WARN__DUPLICATE_METHOD_MATCH = YES;
				"CODE_SIGN_IDENTITY[sdk=iphoneos*]" = "iPhone Developer";
				COPY_PHASE_STRIP = NO;
				DEBUG_INFORMATION_FORMAT = "dwarf-with-dsym";
				ENABLE_STRICT_OBJC_MSGSEND = YES;
				GCC_C_LANGUAGE_STANDARD = gnu99;
				GCC_DYNAMIC_NO_PIC = NO;
				GCC_NO_COMMON_BLOCKS = YES;
				GCC_OPTIMIZATION_LEVEL = 0;
				GCC_PREPROCESSOR_DEFINITIONS = (
					"DEBUG=1",
					"$(inherited)",
				);
				GCC_SYMBOLS_PRIVATE_EXTERN = NO;
				GCC_WARN_64_TO_32_BIT_CONVERSION = YES;
				GCC_WARN_ABOUT_RETURN_TYPE = YES_ERROR;
				GCC_WARN_UNDECLARED_SELECTOR = YES;
				GCC_WARN_UNINITIALIZED_AUTOS = YES_AGGRESSIVE;
				GCC_WARN_UNUSED_FUNCTION = YES;
				GCC_WARN_UNUSED_VARIABLE = YES;
				IPHONEOS_DEPLOYMENT_TARGET = 8.3;
				MTL_ENABLE_DEBUG_INFO = YES;
				ONLY_ACTIVE_ARCH = YES;
				SDKROOT = iphoneos;
				SWIFT_OPTIMIZATION_LEVEL = "-Onone";
			};
			name = Debug;
		};
		112A51111AFCABD4004FA5C3 /* Release */ = {
			isa = XCBuildConfiguration;
			buildSettings = {
				ALWAYS_SEARCH_USER_PATHS = NO;
				CLANG_CXX_LANGUAGE_STANDARD = "gnu++0x";
				CLANG_CXX_LIBRARY = "libc++";
				CLANG_ENABLE_MODULES = YES;
				CLANG_ENABLE_OBJC_ARC = YES;
				CLANG_WARN_BOOL_CONVERSION = YES;
				CLANG_WARN_CONSTANT_CONVERSION = YES;
				CLANG_WARN_DIRECT_OBJC_ISA_USAGE = YES_ERROR;
				CLANG_WARN_EMPTY_BODY = YES;
				CLANG_WARN_ENUM_CONVERSION = YES;
				CLANG_WARN_INT_CONVERSION = YES;
				CLANG_WARN_OBJC_ROOT_CLASS = YES_ERROR;
				CLANG_WARN_UNREACHABLE_CODE = YES;
				CLANG_WARN__DUPLICATE_METHOD_MATCH = YES;
				"CODE_SIGN_IDENTITY[sdk=iphoneos*]" = "iPhone Developer";
				COPY_PHASE_STRIP = NO;
				DEBUG_INFORMATION_FORMAT = "dwarf-with-dsym";
				ENABLE_NS_ASSERTIONS = NO;
				ENABLE_STRICT_OBJC_MSGSEND = YES;
				GCC_C_LANGUAGE_STANDARD = gnu99;
				GCC_NO_COMMON_BLOCKS = YES;
				GCC_WARN_64_TO_32_BIT_CONVERSION = YES;
				GCC_WARN_ABOUT_RETURN_TYPE = YES_ERROR;
				GCC_WARN_UNDECLARED_SELECTOR = YES;
				GCC_WARN_UNINITIALIZED_AUTOS = YES_AGGRESSIVE;
				GCC_WARN_UNUSED_FUNCTION = YES;
				GCC_WARN_UNUSED_VARIABLE = YES;
				IPHONEOS_DEPLOYMENT_TARGET = 8.3;
				MTL_ENABLE_DEBUG_INFO = NO;
				SDKROOT = iphoneos;
				VALIDATE_PRODUCT = YES;
			};
			name = Release;
		};
		112A51131AFCABD4004FA5C3 /* Debug */ = {
			isa = XCBuildConfiguration;
			buildSettings = {
				ASSETCATALOG_COMPILER_APPICON_NAME = AppIcon;
				FRAMEWORK_SEARCH_PATHS = (
					"$(inherited)",
					"$(PROJECT_DIR)",
				);
				INFOPLIST_FILE = NoteSwift/Info.plist;
				LD_RUNPATH_SEARCH_PATHS = "$(inherited) @executable_path/Frameworks";
				PRODUCT_NAME = "$(TARGET_NAME)";
			};
			name = Debug;
		};
		112A51141AFCABD4004FA5C3 /* Release */ = {
			isa = XCBuildConfiguration;
			buildSettings = {
				ASSETCATALOG_COMPILER_APPICON_NAME = AppIcon;
				FRAMEWORK_SEARCH_PATHS = (
					"$(inherited)",
					"$(PROJECT_DIR)",
				);
				INFOPLIST_FILE = NoteSwift/Info.plist;
				LD_RUNPATH_SEARCH_PATHS = "$(inherited) @executable_path/Frameworks";
				PRODUCT_NAME = "$(TARGET_NAME)";
			};
			name = Release;
		};
		112A51161AFCABD4004FA5C3 /* Debug */ = {
			isa = XCBuildConfiguration;
			buildSettings = {
				BUNDLE_LOADER = "$(TEST_HOST)";
				FRAMEWORK_SEARCH_PATHS = (
					"$(SDKROOT)/Developer/Library/Frameworks",
					"$(inherited)",
				);
				GCC_PREPROCESSOR_DEFINITIONS = (
					"DEBUG=1",
					"$(inherited)",
				);
				INFOPLIST_FILE = NoteSwiftTests/Info.plist;
				LD_RUNPATH_SEARCH_PATHS = "$(inherited) @executable_path/Frameworks @loader_path/Frameworks";
				PRODUCT_NAME = "$(TARGET_NAME)";
				TEST_HOST = "$(BUILT_PRODUCTS_DIR)/NoteSwift.app/NoteSwift";
			};
			name = Debug;
		};
		112A51171AFCABD4004FA5C3 /* Release */ = {
			isa = XCBuildConfiguration;
			buildSettings = {
				BUNDLE_LOADER = "$(TEST_HOST)";
				FRAMEWORK_SEARCH_PATHS = (
					"$(SDKROOT)/Developer/Library/Frameworks",
					"$(inherited)",
				);
				INFOPLIST_FILE = NoteSwiftTests/Info.plist;
				LD_RUNPATH_SEARCH_PATHS = "$(inherited) @executable_path/Frameworks @loader_path/Frameworks";
				PRODUCT_NAME = "$(TARGET_NAME)";
				TEST_HOST = "$(BUILT_PRODUCTS_DIR)/NoteSwift.app/NoteSwift";
			};
			name = Release;
		};
/* End XCBuildConfiguration section */

/* Begin XCConfigurationList section */
		112A50EE1AFCABD4004FA5C3 /* Build configuration list for PBXProject "NoteSwift" */ = {
			isa = XCConfigurationList;
			buildConfigurations = (
				112A51101AFCABD4004FA5C3 /* Debug */,
				112A51111AFCABD4004FA5C3 /* Release */,
			);
			defaultConfigurationIsVisible = 0;
			defaultConfigurationName = Release;
		};
		112A51121AFCABD4004FA5C3 /* Build configuration list for PBXNativeTarget "NoteSwift" */ = {
			isa = XCConfigurationList;
			buildConfigurations = (
				112A51131AFCABD4004FA5C3 /* Debug */,
				112A51141AFCABD4004FA5C3 /* Release */,
			);
			defaultConfigurationIsVisible = 0;
			defaultConfigurationName = Release;
		};
		112A51151AFCABD4004FA5C3 /* Build configuration list for PBXNativeTarget "NoteSwiftTests" */ = {
			isa = XCConfigurationList;
			buildConfigurations = (
				112A51161AFCABD4004FA5C3 /* Debug */,
				112A51171AFCABD4004FA5C3 /* Release */,
			);
			defaultConfigurationIsVisible = 0;
			defaultConfigurationName = Release;
		};
/* End XCConfigurationList section */
	};
	rootObject = 112A50EB1AFCABD4004FA5C3 /* Project object */;
}
